// !$*UTF8*$!
{
	archiveVersion = 1;
	classes = {
	};
	objectVersion = 56;
	objects = {

/* Begin PBXBuildFile section */
		18F9B0C491DEFDC5526851ED /* Pods_RetirementCalculatorTests.framework in Frameworks */ = {isa = PBXBuildFile; fileRef = 4D17A893ED0EF280EA0BB7E1 /* Pods_RetirementCalculatorTests.framework */; };
		6E081FB96FFDB28076FB3C2E /* Pods_RetirementCalculator_RetirementCalculatorUITests.framework in Frameworks */ = {isa = PBXBuildFile; fileRef = 367427F3E685D46F9B461403 /* Pods_RetirementCalculator_RetirementCalculatorUITests.framework */; };
		BD28CEC3E50CE6BC2BEC35A7 /* Pods_RetirementCalculator.framework in Frameworks */ = {isa = PBXBuildFile; fileRef = 2A411529F29CA8DC3F13C03E /* Pods_RetirementCalculator.framework */; };
		D60EAFB32B158EE400018AF4 /* AppDelegate.swift in Sources */ = {isa = PBXBuildFile; fileRef = D60EAFB22B158EE400018AF4 /* AppDelegate.swift */; };
		D60EAFB52B158EE400018AF4 /* SceneDelegate.swift in Sources */ = {isa = PBXBuildFile; fileRef = D60EAFB42B158EE400018AF4 /* SceneDelegate.swift */; };
		D60EAFB72B158EE400018AF4 /* ViewController.swift in Sources */ = {isa = PBXBuildFile; fileRef = D60EAFB62B158EE400018AF4 /* ViewController.swift */; };
		D60EAFBA2B158EE400018AF4 /* Main.storyboard in Resources */ = {isa = PBXBuildFile; fileRef = D60EAFB82B158EE400018AF4 /* Main.storyboard */; };
		D60EAFBC2B158EE500018AF4 /* Assets.xcassets in Resources */ = {isa = PBXBuildFile; fileRef = D60EAFBB2B158EE500018AF4 /* Assets.xcassets */; };
		D60EAFBF2B158EE500018AF4 /* LaunchScreen.storyboard in Resources */ = {isa = PBXBuildFile; fileRef = D60EAFBD2B158EE500018AF4 /* LaunchScreen.storyboard */; };
		D60EAFCA2B158EE600018AF4 /* RetirementCalculatorTests.swift in Sources */ = {isa = PBXBuildFile; fileRef = D60EAFC92B158EE600018AF4 /* RetirementCalculatorTests.swift */; };
		D60EAFD42B158EE600018AF4 /* RetirementCalculatorUITests.swift in Sources */ = {isa = PBXBuildFile; fileRef = D60EAFD32B158EE600018AF4 /* RetirementCalculatorUITests.swift */; };
		D60EAFD62B158EE600018AF4 /* RetirementCalculatorUITestsLaunchTests.swift in Sources */ = {isa = PBXBuildFile; fileRef = D60EAFD52B158EE600018AF4 /* RetirementCalculatorUITestsLaunchTests.swift */; };
/* End PBXBuildFile section */

/* Begin PBXContainerItemProxy section */
		D60EAFC62B158EE600018AF4 /* PBXContainerItemProxy */ = {
			isa = PBXContainerItemProxy;
			containerPortal = D60EAFA72B158EE400018AF4 /* Project object */;
			proxyType = 1;
			remoteGlobalIDString = D60EAFAE2B158EE400018AF4;
			remoteInfo = RetirementCalculator;
		};
		D60EAFD02B158EE600018AF4 /* PBXContainerItemProxy */ = {
			isa = PBXContainerItemProxy;
			containerPortal = D60EAFA72B158EE400018AF4 /* Project object */;
			proxyType = 1;
			remoteGlobalIDString = D60EAFAE2B158EE400018AF4;
			remoteInfo = RetirementCalculator;
		};
/* End PBXContainerItemProxy section */

/* Begin PBXFileReference section */
		01DC9D4BE69427744882D0A2 /* Pods-RetirementCalculatorTests.debug.xcconfig */ = {isa = PBXFileReference; includeInIndex = 1; lastKnownFileType = text.xcconfig; name = "Pods-RetirementCalculatorTests.debug.xcconfig"; path = "Target Support Files/Pods-RetirementCalculatorTests/Pods-RetirementCalculatorTests.debug.xcconfig"; sourceTree = "<group>"; };
		24BEA614FDBAD00AB320E0FF /* Pods-RetirementCalculatorTests.release.xcconfig */ = {isa = PBXFileReference; includeInIndex = 1; lastKnownFileType = text.xcconfig; name = "Pods-RetirementCalculatorTests.release.xcconfig"; path = "Target Support Files/Pods-RetirementCalculatorTests/Pods-RetirementCalculatorTests.release.xcconfig"; sourceTree = "<group>"; };
		2A411529F29CA8DC3F13C03E /* Pods_RetirementCalculator.framework */ = {isa = PBXFileReference; explicitFileType = wrapper.framework; includeInIndex = 0; path = Pods_RetirementCalculator.framework; sourceTree = BUILT_PRODUCTS_DIR; };
		367427F3E685D46F9B461403 /* Pods_RetirementCalculator_RetirementCalculatorUITests.framework */ = {isa = PBXFileReference; explicitFileType = wrapper.framework; includeInIndex = 0; path = Pods_RetirementCalculator_RetirementCalculatorUITests.framework; sourceTree = BUILT_PRODUCTS_DIR; };
		47F445BDCD68B4D9B0DB6F13 /* Pods-RetirementCalculator.debug.xcconfig */ = {isa = PBXFileReference; includeInIndex = 1; lastKnownFileType = text.xcconfig; name = "Pods-RetirementCalculator.debug.xcconfig"; path = "Target Support Files/Pods-RetirementCalculator/Pods-RetirementCalculator.debug.xcconfig"; sourceTree = "<group>"; };
		4D17A893ED0EF280EA0BB7E1 /* Pods_RetirementCalculatorTests.framework */ = {isa = PBXFileReference; explicitFileType = wrapper.framework; includeInIndex = 0; path = Pods_RetirementCalculatorTests.framework; sourceTree = BUILT_PRODUCTS_DIR; };
		D04978D51808955790E90268 /* Pods-RetirementCalculator-RetirementCalculatorUITests.release.xcconfig */ = {isa = PBXFileReference; includeInIndex = 1; lastKnownFileType = text.xcconfig; name = "Pods-RetirementCalculator-RetirementCalculatorUITests.release.xcconfig"; path = "Target Support Files/Pods-RetirementCalculator-RetirementCalculatorUITests/Pods-RetirementCalculator-RetirementCalculatorUITests.release.xcconfig"; sourceTree = "<group>"; };
		D60EAFAF2B158EE400018AF4 /* RetirementCalculator.app */ = {isa = PBXFileReference; explicitFileType = wrapper.application; includeInIndex = 0; path = RetirementCalculator.app; sourceTree = BUILT_PRODUCTS_DIR; };
		D60EAFB22B158EE400018AF4 /* AppDelegate.swift */ = {isa = PBXFileReference; lastKnownFileType = sourcecode.swift; path = AppDelegate.swift; sourceTree = "<group>"; };
		D60EAFB42B158EE400018AF4 /* SceneDelegate.swift */ = {isa = PBXFileReference; lastKnownFileType = sourcecode.swift; path = SceneDelegate.swift; sourceTree = "<group>"; };
		D60EAFB62B158EE400018AF4 /* ViewController.swift */ = {isa = PBXFileReference; lastKnownFileType = sourcecode.swift; path = ViewController.swift; sourceTree = "<group>"; };
		D60EAFB92B158EE400018AF4 /* Base */ = {isa = PBXFileReference; lastKnownFileType = file.storyboard; name = Base; path = Base.lproj/Main.storyboard; sourceTree = "<group>"; };
		D60EAFBB2B158EE500018AF4 /* Assets.xcassets */ = {isa = PBXFileReference; lastKnownFileType = folder.assetcatalog; path = Assets.xcassets; sourceTree = "<group>"; };
		D60EAFBE2B158EE500018AF4 /* Base */ = {isa = PBXFileReference; lastKnownFileType = file.storyboard; name = Base; path = Base.lproj/LaunchScreen.storyboard; sourceTree = "<group>"; };
		D60EAFC02B158EE500018AF4 /* Info.plist */ = {isa = PBXFileReference; lastKnownFileType = text.plist.xml; path = Info.plist; sourceTree = "<group>"; };
		D60EAFC52B158EE600018AF4 /* RetirementCalculatorTests.xctest */ = {isa = PBXFileReference; explicitFileType = wrapper.cfbundle; includeInIndex = 0; path = RetirementCalculatorTests.xctest; sourceTree = BUILT_PRODUCTS_DIR; };
		D60EAFC92B158EE600018AF4 /* RetirementCalculatorTests.swift */ = {isa = PBXFileReference; lastKnownFileType = sourcecode.swift; path = RetirementCalculatorTests.swift; sourceTree = "<group>"; };
		D60EAFCF2B158EE600018AF4 /* RetirementCalculatorUITests.xctest */ = {isa = PBXFileReference; explicitFileType = wrapper.cfbundle; includeInIndex = 0; path = RetirementCalculatorUITests.xctest; sourceTree = BUILT_PRODUCTS_DIR; };
		D60EAFD32B158EE600018AF4 /* RetirementCalculatorUITests.swift */ = {isa = PBXFileReference; lastKnownFileType = sourcecode.swift; path = RetirementCalculatorUITests.swift; sourceTree = "<group>"; };
		D60EAFD52B158EE600018AF4 /* RetirementCalculatorUITestsLaunchTests.swift */ = {isa = PBXFileReference; lastKnownFileType = sourcecode.swift; path = RetirementCalculatorUITestsLaunchTests.swift; sourceTree = "<group>"; };
		E46A5003532B3FCBE0080FD7 /* Pods-RetirementCalculator-RetirementCalculatorUITests.debug.xcconfig */ = {isa = PBXFileReference; includeInIndex = 1; lastKnownFileType = text.xcconfig; name = "Pods-RetirementCalculator-RetirementCalculatorUITests.debug.xcconfig"; path = "Target Support Files/Pods-RetirementCalculator-RetirementCalculatorUITests/Pods-RetirementCalculator-RetirementCalculatorUITests.debug.xcconfig"; sourceTree = "<group>"; };
		FAA8776E782301BD39EA5E4A /* Pods-RetirementCalculator.release.xcconfig */ = {isa = PBXFileReference; includeInIndex = 1; lastKnownFileType = text.xcconfig; name = "Pods-RetirementCalculator.release.xcconfig"; path = "Target Support Files/Pods-RetirementCalculator/Pods-RetirementCalculator.release.xcconfig"; sourceTree = "<group>"; };
/* End PBXFileReference section */

/* Begin PBXFrameworksBuildPhase section */
		D60EAFAC2B158EE400018AF4 /* Frameworks */ = {
			isa = PBXFrameworksBuildPhase;
			buildActionMask = 2147483647;
			files = (
				BD28CEC3E50CE6BC2BEC35A7 /* Pods_RetirementCalculator.framework in Frameworks */,
			);
			runOnlyForDeploymentPostprocessing = 0;
		};
		D60EAFC22B158EE600018AF4 /* Frameworks */ = {
			isa = PBXFrameworksBuildPhase;
			buildActionMask = 2147483647;
			files = (
				18F9B0C491DEFDC5526851ED /* Pods_RetirementCalculatorTests.framework in Frameworks */,
			);
			runOnlyForDeploymentPostprocessing = 0;
		};
		D60EAFCC2B158EE600018AF4 /* Frameworks */ = {
			isa = PBXFrameworksBuildPhase;
			buildActionMask = 2147483647;
			files = (
				6E081FB96FFDB28076FB3C2E /* Pods_RetirementCalculator_RetirementCalculatorUITests.framework in Frameworks */,
			);
			runOnlyForDeploymentPostprocessing = 0;
		};
/* End PBXFrameworksBuildPhase section */

/* Begin PBXGroup section */
		D60EAFA62B158EE400018AF4 = {
			isa = PBXGroup;
			children = (
				D60EAFB12B158EE400018AF4 /* RetirementCalculator */,
				D60EAFC82B158EE600018AF4 /* RetirementCalculatorTests */,
				D60EAFD22B158EE600018AF4 /* RetirementCalculatorUITests */,
				D60EAFB02B158EE400018AF4 /* Products */,
				DDD0C224567A88D91A14D00E /* Pods */,
				E585806969E28A1DFDE7B185 /* Frameworks */,
			);
			sourceTree = "<group>";
		};
		D60EAFB02B158EE400018AF4 /* Products */ = {
			isa = PBXGroup;
			children = (
				D60EAFAF2B158EE400018AF4 /* RetirementCalculator.app */,
				D60EAFC52B158EE600018AF4 /* RetirementCalculatorTests.xctest */,
				D60EAFCF2B158EE600018AF4 /* RetirementCalculatorUITests.xctest */,
			);
			name = Products;
			sourceTree = "<group>";
		};
		D60EAFB12B158EE400018AF4 /* RetirementCalculator */ = {
			isa = PBXGroup;
			children = (
				D60EAFB22B158EE400018AF4 /* AppDelegate.swift */,
				D60EAFB42B158EE400018AF4 /* SceneDelegate.swift */,
				D60EAFB62B158EE400018AF4 /* ViewController.swift */,
				D60EAFB82B158EE400018AF4 /* Main.storyboard */,
				D60EAFBB2B158EE500018AF4 /* Assets.xcassets */,
				D60EAFBD2B158EE500018AF4 /* LaunchScreen.storyboard */,
				D60EAFC02B158EE500018AF4 /* Info.plist */,
			);
			path = RetirementCalculator;
			sourceTree = "<group>";
		};
		D60EAFC82B158EE600018AF4 /* RetirementCalculatorTests */ = {
			isa = PBXGroup;
			children = (
				D60EAFC92B158EE600018AF4 /* RetirementCalculatorTests.swift */,
			);
			path = RetirementCalculatorTests;
			sourceTree = "<group>";
		};
		D60EAFD22B158EE600018AF4 /* RetirementCalculatorUITests */ = {
			isa = PBXGroup;
			children = (
				D60EAFD32B158EE600018AF4 /* RetirementCalculatorUITests.swift */,
				D60EAFD52B158EE600018AF4 /* RetirementCalculatorUITestsLaunchTests.swift */,
			);
			path = RetirementCalculatorUITests;
			sourceTree = "<group>";
		};
		DDD0C224567A88D91A14D00E /* Pods */ = {
			isa = PBXGroup;
			children = (
				47F445BDCD68B4D9B0DB6F13 /* Pods-RetirementCalculator.debug.xcconfig */,
				FAA8776E782301BD39EA5E4A /* Pods-RetirementCalculator.release.xcconfig */,
				E46A5003532B3FCBE0080FD7 /* Pods-RetirementCalculator-RetirementCalculatorUITests.debug.xcconfig */,
				D04978D51808955790E90268 /* Pods-RetirementCalculator-RetirementCalculatorUITests.release.xcconfig */,
				01DC9D4BE69427744882D0A2 /* Pods-RetirementCalculatorTests.debug.xcconfig */,
				24BEA614FDBAD00AB320E0FF /* Pods-RetirementCalculatorTests.release.xcconfig */,
			);
			path = Pods;
			sourceTree = "<group>";
		};
		E585806969E28A1DFDE7B185 /* Frameworks */ = {
			isa = PBXGroup;
			children = (
				2A411529F29CA8DC3F13C03E /* Pods_RetirementCalculator.framework */,
				367427F3E685D46F9B461403 /* Pods_RetirementCalculator_RetirementCalculatorUITests.framework */,
				4D17A893ED0EF280EA0BB7E1 /* Pods_RetirementCalculatorTests.framework */,
			);
			name = Frameworks;
			sourceTree = "<group>";
		};
/* End PBXGroup section */

/* Begin PBXNativeTarget section */
		D60EAFAE2B158EE400018AF4 /* RetirementCalculator */ = {
			isa = PBXNativeTarget;
			buildConfigurationList = D60EAFD92B158EE600018AF4 /* Build configuration list for PBXNativeTarget "RetirementCalculator" */;
			buildPhases = (
				E16534029089133D39BF7096 /* [CP] Check Pods Manifest.lock */,
				D60EAFAB2B158EE400018AF4 /* Sources */,
				D60EAFAC2B158EE400018AF4 /* Frameworks */,
				D60EAFAD2B158EE400018AF4 /* Resources */,
			);
			buildRules = (
			);
			dependencies = (
			);
			name = RetirementCalculator;
			productName = RetirementCalculator;
			productReference = D60EAFAF2B158EE400018AF4 /* RetirementCalculator.app */;
			productType = "com.apple.product-type.application";
		};
		D60EAFC42B158EE600018AF4 /* RetirementCalculatorTests */ = {
			isa = PBXNativeTarget;
			buildConfigurationList = D60EAFDC2B158EE600018AF4 /* Build configuration list for PBXNativeTarget "RetirementCalculatorTests" */;
			buildPhases = (
				8FF1EE18571FC472AD097014 /* [CP] Check Pods Manifest.lock */,
				D60EAFC12B158EE600018AF4 /* Sources */,
				D60EAFC22B158EE600018AF4 /* Frameworks */,
				D60EAFC32B158EE600018AF4 /* Resources */,
			);
			buildRules = (
			);
			dependencies = (
				D60EAFC72B158EE600018AF4 /* PBXTargetDependency */,
			);
			name = RetirementCalculatorTests;
			productName = RetirementCalculatorTests;
			productReference = D60EAFC52B158EE600018AF4 /* RetirementCalculatorTests.xctest */;
			productType = "com.apple.product-type.bundle.unit-test";
		};
		D60EAFCE2B158EE600018AF4 /* RetirementCalculatorUITests */ = {
			isa = PBXNativeTarget;
			buildConfigurationList = D60EAFDF2B158EE600018AF4 /* Build configuration list for PBXNativeTarget "RetirementCalculatorUITests" */;
			buildPhases = (
				B3868F05FEFA6E02036C1F38 /* [CP] Check Pods Manifest.lock */,
				D60EAFCB2B158EE600018AF4 /* Sources */,
				D60EAFCC2B158EE600018AF4 /* Frameworks */,
				D60EAFCD2B158EE600018AF4 /* Resources */,
			);
			buildRules = (
			);
			dependencies = (
				D60EAFD12B158EE600018AF4 /* PBXTargetDependency */,
			);
			name = RetirementCalculatorUITests;
			productName = RetirementCalculatorUITests;
			productReference = D60EAFCF2B158EE600018AF4 /* RetirementCalculatorUITests.xctest */;
			productType = "com.apple.product-type.bundle.ui-testing";
		};
/* End PBXNativeTarget section */

/* Begin PBXProject section */
		D60EAFA72B158EE400018AF4 /* Project object */ = {
			isa = PBXProject;
			attributes = {
				BuildIndependentTargetsInParallel = 1;
				LastSwiftUpdateCheck = 1500;
				LastUpgradeCheck = 1500;
				TargetAttributes = {
					D60EAFAE2B158EE400018AF4 = {
						CreatedOnToolsVersion = 15.0.1;
					};
					D60EAFC42B158EE600018AF4 = {
						CreatedOnToolsVersion = 15.0.1;
						TestTargetID = D60EAFAE2B158EE400018AF4;
					};
					D60EAFCE2B158EE600018AF4 = {
						CreatedOnToolsVersion = 15.0.1;
						TestTargetID = D60EAFAE2B158EE400018AF4;
					};
				};
			};
			buildConfigurationList = D60EAFAA2B158EE400018AF4 /* Build configuration list for PBXProject "RetirementCalculator" */;
			compatibilityVersion = "Xcode 14.0";
			developmentRegion = en;
			hasScannedForEncodings = 0;
			knownRegions = (
				en,
				Base,
			);
			mainGroup = D60EAFA62B158EE400018AF4;
			productRefGroup = D60EAFB02B158EE400018AF4 /* Products */;
			projectDirPath = "";
			projectRoot = "";
			targets = (
				D60EAFAE2B158EE400018AF4 /* RetirementCalculator */,
				D60EAFC42B158EE600018AF4 /* RetirementCalculatorTests */,
				D60EAFCE2B158EE600018AF4 /* RetirementCalculatorUITests */,
			);
		};
/* End PBXProject section */

/* Begin PBXResourcesBuildPhase section */
		D60EAFAD2B158EE400018AF4 /* Resources */ = {
			isa = PBXResourcesBuildPhase;
			buildActionMask = 2147483647;
			files = (
				D60EAFBF2B158EE500018AF4 /* LaunchScreen.storyboard in Resources */,
				D60EAFBC2B158EE500018AF4 /* Assets.xcassets in Resources */,
				D60EAFBA2B158EE400018AF4 /* Main.storyboard in Resources */,
			);
			runOnlyForDeploymentPostprocessing = 0;
		};
		D60EAFC32B158EE600018AF4 /* Resources */ = {
			isa = PBXResourcesBuildPhase;
			buildActionMask = 2147483647;
			files = (
			);
			runOnlyForDeploymentPostprocessing = 0;
		};
		D60EAFCD2B158EE600018AF4 /* Resources */ = {
			isa = PBXResourcesBuildPhase;
			buildActionMask = 2147483647;
			files = (
			);
			runOnlyForDeploymentPostprocessing = 0;
		};
/* End PBXResourcesBuildPhase section */

/* Begin PBXShellScriptBuildPhase section */
		8FF1EE18571FC472AD097014 /* [CP] Check Pods Manifest.lock */ = {
			isa = PBXShellScriptBuildPhase;
			buildActionMask = 2147483647;
			files = (
			);
			inputFileListPaths = (
			);
			inputPaths = (
				"${PODS_PODFILE_DIR_PATH}/Podfile.lock",
				"${PODS_ROOT}/Manifest.lock",
			);
			name = "[CP] Check Pods Manifest.lock";
			outputFileListPaths = (
			);
			outputPaths = (
				"$(DERIVED_FILE_DIR)/Pods-RetirementCalculatorTests-checkManifestLockResult.txt",
			);
			runOnlyForDeploymentPostprocessing = 0;
			shellPath = /bin/sh;
			shellScript = "diff \"${PODS_PODFILE_DIR_PATH}/Podfile.lock\" \"${PODS_ROOT}/Manifest.lock\" > /dev/null\nif [ $? != 0 ] ; then\n    # print error to STDERR\n    echo \"error: The sandbox is not in sync with the Podfile.lock. Run 'pod install' or update your CocoaPods installation.\" >&2\n    exit 1\nfi\n# This output is used by Xcode 'outputs' to avoid re-running this script phase.\necho \"SUCCESS\" > \"${SCRIPT_OUTPUT_FILE_0}\"\n";
			showEnvVarsInLog = 0;
		};
		B3868F05FEFA6E02036C1F38 /* [CP] Check Pods Manifest.lock */ = {
			isa = PBXShellScriptBuildPhase;
			buildActionMask = 2147483647;
			files = (
			);
			inputFileListPaths = (
			);
			inputPaths = (
				"${PODS_PODFILE_DIR_PATH}/Podfile.lock",
				"${PODS_ROOT}/Manifest.lock",
			);
			name = "[CP] Check Pods Manifest.lock";
			outputFileListPaths = (
			);
			outputPaths = (
				"$(DERIVED_FILE_DIR)/Pods-RetirementCalculator-RetirementCalculatorUITests-checkManifestLockResult.txt",
			);
			runOnlyForDeploymentPostprocessing = 0;
			shellPath = /bin/sh;
			shellScript = "diff \"${PODS_PODFILE_DIR_PATH}/Podfile.lock\" \"${PODS_ROOT}/Manifest.lock\" > /dev/null\nif [ $? != 0 ] ; then\n    # print error to STDERR\n    echo \"error: The sandbox is not in sync with the Podfile.lock. Run 'pod install' or update your CocoaPods installation.\" >&2\n    exit 1\nfi\n# This output is used by Xcode 'outputs' to avoid re-running this script phase.\necho \"SUCCESS\" > \"${SCRIPT_OUTPUT_FILE_0}\"\n";
			showEnvVarsInLog = 0;
		};
		E16534029089133D39BF7096 /* [CP] Check Pods Manifest.lock */ = {
			isa = PBXShellScriptBuildPhase;
			buildActionMask = 2147483647;
			files = (
			);
			inputFileListPaths = (
			);
			inputPaths = (
				"${PODS_PODFILE_DIR_PATH}/Podfile.lock",
				"${PODS_ROOT}/Manifest.lock",
			);
			name = "[CP] Check Pods Manifest.lock";
			outputFileListPaths = (
			);
			outputPaths = (
				"$(DERIVED_FILE_DIR)/Pods-RetirementCalculator-checkManifestLockResult.txt",
			);
			runOnlyForDeploymentPostprocessing = 0;
			shellPath = /bin/sh;
			shellScript = "diff \"${PODS_PODFILE_DIR_PATH}/Podfile.lock\" \"${PODS_ROOT}/Manifest.lock\" > /dev/null\nif [ $? != 0 ] ; then\n    # print error to STDERR\n    echo \"error: The sandbox is not in sync with the Podfile.lock. Run 'pod install' or update your CocoaPods installation.\" >&2\n    exit 1\nfi\n# This output is used by Xcode 'outputs' to avoid re-running this script phase.\necho \"SUCCESS\" > \"${SCRIPT_OUTPUT_FILE_0}\"\n";
			showEnvVarsInLog = 0;
		};
/* End PBXShellScriptBuildPhase section */

/* Begin PBXSourcesBuildPhase section */
		D60EAFAB2B158EE400018AF4 /* Sources */ = {
			isa = PBXSourcesBuildPhase;
			buildActionMask = 2147483647;
			files = (
				D60EAFB72B158EE400018AF4 /* ViewController.swift in Sources */,
				D60EAFB32B158EE400018AF4 /* AppDelegate.swift in Sources */,
				D60EAFB52B158EE400018AF4 /* SceneDelegate.swift in Sources */,
			);
			runOnlyForDeploymentPostprocessing = 0;
		};
		D60EAFC12B158EE600018AF4 /* Sources */ = {
			isa = PBXSourcesBuildPhase;
			buildActionMask = 2147483647;
			files = (
				D60EAFCA2B158EE600018AF4 /* RetirementCalculatorTests.swift in Sources */,
			);
			runOnlyForDeploymentPostprocessing = 0;
		};
		D60EAFCB2B158EE600018AF4 /* Sources */ = {
			isa = PBXSourcesBuildPhase;
			buildActionMask = 2147483647;
			files = (
				D60EAFD42B158EE600018AF4 /* RetirementCalculatorUITests.swift in Sources */,
				D60EAFD62B158EE600018AF4 /* RetirementCalculatorUITestsLaunchTests.swift in Sources */,
			);
			runOnlyForDeploymentPostprocessing = 0;
		};
/* End PBXSourcesBuildPhase section */

/* Begin PBXTargetDependency section */
		D60EAFC72B158EE600018AF4 /* PBXTargetDependency */ = {
			isa = PBXTargetDependency;
			target = D60EAFAE2B158EE400018AF4 /* RetirementCalculator */;
			targetProxy = D60EAFC62B158EE600018AF4 /* PBXContainerItemProxy */;
		};
		D60EAFD12B158EE600018AF4 /* PBXTargetDependency */ = {
			isa = PBXTargetDependency;
			target = D60EAFAE2B158EE400018AF4 /* RetirementCalculator */;
			targetProxy = D60EAFD02B158EE600018AF4 /* PBXContainerItemProxy */;
		};
/* End PBXTargetDependency section */

/* Begin PBXVariantGroup section */
		D60EAFB82B158EE400018AF4 /* Main.storyboard */ = {
			isa = PBXVariantGroup;
			children = (
				D60EAFB92B158EE400018AF4 /* Base */,
			);
			name = Main.storyboard;
			sourceTree = "<group>";
		};
		D60EAFBD2B158EE500018AF4 /* LaunchScreen.storyboard */ = {
			isa = PBXVariantGroup;
			children = (
				D60EAFBE2B158EE500018AF4 /* Base */,
			);
			name = LaunchScreen.storyboard;
			sourceTree = "<group>";
		};
/* End PBXVariantGroup section */

/* Begin XCBuildConfiguration section */
		D60EAFD72B158EE600018AF4 /* Debug */ = {
			isa = XCBuildConfiguration;
			buildSettings = {
				ALWAYS_SEARCH_USER_PATHS = NO;
				ASSETCATALOG_COMPILER_GENERATE_SWIFT_ASSET_SYMBOL_EXTENSIONS = YES;
				CLANG_ANALYZER_NONNULL = YES;
				CLANG_ANALYZER_NUMBER_OBJECT_CONVERSION = YES_AGGRESSIVE;
				CLANG_CXX_LANGUAGE_STANDARD = "gnu++20";
				CLANG_ENABLE_MODULES = YES;
				CLANG_ENABLE_OBJC_ARC = YES;
				CLANG_ENABLE_OBJC_WEAK = YES;
				CLANG_WARN_BLOCK_CAPTURE_AUTORELEASING = YES;
				CLANG_WARN_BOOL_CONVERSION = YES;
				CLANG_WARN_COMMA = YES;
				CLANG_WARN_CONSTANT_CONVERSION = YES;
				CLANG_WARN_DEPRECATED_OBJC_IMPLEMENTATIONS = YES;
				CLANG_WARN_DIRECT_OBJC_ISA_USAGE = YES_ERROR;
				CLANG_WARN_DOCUMENTATION_COMMENTS = YES;
				CLANG_WARN_EMPTY_BODY = YES;
				CLANG_WARN_ENUM_CONVERSION = YES;
				CLANG_WARN_INFINITE_RECURSION = YES;
				CLANG_WARN_INT_CONVERSION = YES;
				CLANG_WARN_NON_LITERAL_NULL_CONVERSION = YES;
				CLANG_WARN_OBJC_IMPLICIT_RETAIN_SELF = YES;
				CLANG_WARN_OBJC_LITERAL_CONVERSION = YES;
				CLANG_WARN_OBJC_ROOT_CLASS = YES_ERROR;
				CLANG_WARN_QUOTED_INCLUDE_IN_FRAMEWORK_HEADER = YES;
				CLANG_WARN_RANGE_LOOP_ANALYSIS = YES;
				CLANG_WARN_STRICT_PROTOTYPES = YES;
				CLANG_WARN_SUSPICIOUS_MOVE = YES;
				CLANG_WARN_UNGUARDED_AVAILABILITY = YES_AGGRESSIVE;
				CLANG_WARN_UNREACHABLE_CODE = YES;
				CLANG_WARN__DUPLICATE_METHOD_MATCH = YES;
				COPY_PHASE_STRIP = NO;
				DEBUG_INFORMATION_FORMAT = "dwarf-with-dsym";
				ENABLE_STRICT_OBJC_MSGSEND = YES;
				ENABLE_TESTABILITY = YES;
				ENABLE_USER_SCRIPT_SANDBOXING = YES;
				GCC_C_LANGUAGE_STANDARD = gnu17;
				GCC_DYNAMIC_NO_PIC = NO;
				GCC_NO_COMMON_BLOCKS = YES;
				GCC_OPTIMIZATION_LEVEL = 0;
				GCC_PREPROCESSOR_DEFINITIONS = (
					"DEBUG=1",
					"$(inherited)",
				);
				GCC_WARN_64_TO_32_BIT_CONVERSION = YES;
				GCC_WARN_ABOUT_RETURN_TYPE = YES_ERROR;
				GCC_WARN_UNDECLARED_SELECTOR = YES;
				GCC_WARN_UNINITIALIZED_AUTOS = YES_AGGRESSIVE;
				GCC_WARN_UNUSED_FUNCTION = YES;
				GCC_WARN_UNUSED_VARIABLE = YES;
				IPHONEOS_DEPLOYMENT_TARGET = 17.0;
				LOCALIZATION_PREFERS_STRING_CATALOGS = YES;
				MTL_ENABLE_DEBUG_INFO = INCLUDE_SOURCE;
				MTL_FAST_MATH = YES;
				ONLY_ACTIVE_ARCH = YES;
				SDKROOT = iphoneos;
				SWIFT_ACTIVE_COMPILATION_CONDITIONS = "DEBUG $(inherited)";
				SWIFT_OPTIMIZATION_LEVEL = "-Onone";
			};
			name = Debug;
		};
		D60EAFD82B158EE600018AF4 /* Release */ = {
			isa = XCBuildConfiguration;
			buildSettings = {
				ALWAYS_SEARCH_USER_PATHS = NO;
				ASSETCATALOG_COMPILER_GENERATE_SWIFT_ASSET_SYMBOL_EXTENSIONS = YES;
				CLANG_ANALYZER_NONNULL = YES;
				CLANG_ANALYZER_NUMBER_OBJECT_CONVERSION = YES_AGGRESSIVE;
				CLANG_CXX_LANGUAGE_STANDARD = "gnu++20";
				CLANG_ENABLE_MODULES = YES;
				CLANG_ENABLE_OBJC_ARC = YES;
				CLANG_ENABLE_OBJC_WEAK = YES;
				CLANG_WARN_BLOCK_CAPTURE_AUTORELEASING = YES;
				CLANG_WARN_BOOL_CONVERSION = YES;
				CLANG_WARN_COMMA = YES;
				CLANG_WARN_CONSTANT_CONVERSION = YES;
				CLANG_WARN_DEPRECATED_OBJC_IMPLEMENTATIONS = YES;
				CLANG_WARN_DIRECT_OBJC_ISA_USAGE = YES_ERROR;
				CLANG_WARN_DOCUMENTATION_COMMENTS = YES;
				CLANG_WARN_EMPTY_BODY = YES;
				CLANG_WARN_ENUM_CONVERSION = YES;
				CLANG_WARN_INFINITE_RECURSION = YES;
				CLANG_WARN_INT_CONVERSION = YES;
				CLANG_WARN_NON_LITERAL_NULL_CONVERSION = YES;
				CLANG_WARN_OBJC_IMPLICIT_RETAIN_SELF = YES;
				CLANG_WARN_OBJC_LITERAL_CONVERSION = YES;
				CLANG_WARN_OBJC_ROOT_CLASS = YES_ERROR;
				CLANG_WARN_QUOTED_INCLUDE_IN_FRAMEWORK_HEADER = YES;
				CLANG_WARN_RANGE_LOOP_ANALYSIS = YES;
				CLANG_WARN_STRICT_PROTOTYPES = YES;
				CLANG_WARN_SUSPICIOUS_MOVE = YES;
				CLANG_WARN_UNGUARDED_AVAILABILITY = YES_AGGRESSIVE;
				CLANG_WARN_UNREACHABLE_CODE = YES;
				CLANG_WARN__DUPLICATE_METHOD_MATCH = YES;
				COPY_PHASE_STRIP = NO;
				DEBUG_INFORMATION_FORMAT = "dwarf-with-dsym";
				ENABLE_NS_ASSERTIONS = NO;
				ENABLE_STRICT_OBJC_MSGSEND = YES;
				ENABLE_USER_SCRIPT_SANDBOXING = YES;
				GCC_C_LANGUAGE_STANDARD = gnu17;
				GCC_NO_COMMON_BLOCKS = YES;
				GCC_WARN_64_TO_32_BIT_CONVERSION = YES;
				GCC_WARN_ABOUT_RETURN_TYPE = YES_ERROR;
				GCC_WARN_UNDECLARED_SELECTOR = YES;
				GCC_WARN_UNINITIALIZED_AUTOS = YES_AGGRESSIVE;
				GCC_WARN_UNUSED_FUNCTION = YES;
				GCC_WARN_UNUSED_VARIABLE = YES;
				IPHONEOS_DEPLOYMENT_TARGET = 17.0;
				LOCALIZATION_PREFERS_STRING_CATALOGS = YES;
				MTL_ENABLE_DEBUG_INFO = NO;
				MTL_FAST_MATH = YES;
				SDKROOT = iphoneos;
				SWIFT_COMPILATION_MODE = wholemodule;
				VALIDATE_PRODUCT = YES;
			};
			name = Release;
		};
		D60EAFDA2B158EE600018AF4 /* Debug */ = {
			isa = XCBuildConfiguration;
			baseConfigurationReference = 47F445BDCD68B4D9B0DB6F13 /* Pods-RetirementCalculator.debug.xcconfig */;
			buildSettings = {
				ASSETCATALOG_COMPILER_APPICON_NAME = AppIcon;
				ASSETCATALOG_COMPILER_GLOBAL_ACCENT_COLOR_NAME = AccentColor;
				CODE_SIGN_STYLE = Automatic;
				CURRENT_PROJECT_VERSION = 1;
				DEVELOPMENT_TEAM = 8N2T75UPQQ;
				GENERATE_INFOPLIST_FILE = YES;
				INFOPLIST_FILE = RetirementCalculator/Info.plist;
				INFOPLIST_KEY_UIApplicationSupportsIndirectInputEvents = YES;
				INFOPLIST_KEY_UILaunchStoryboardName = LaunchScreen;
				INFOPLIST_KEY_UIMainStoryboardFile = Main;
				INFOPLIST_KEY_UISupportedInterfaceOrientations_iPad = "UIInterfaceOrientationPortrait UIInterfaceOrientationPortraitUpsideDown UIInterfaceOrientationLandscapeLeft UIInterfaceOrientationLandscapeRight";
				INFOPLIST_KEY_UISupportedInterfaceOrientations_iPhone = "UIInterfaceOrientationPortrait UIInterfaceOrientationLandscapeLeft UIInterfaceOrientationLandscapeRight";
				LD_RUNPATH_SEARCH_PATHS = (
					"$(inherited)",
					"@executable_path/Frameworks",
				);
				MARKETING_VERSION = 1.0;
				PRODUCT_BUNDLE_IDENTIFIER = com.ramjondhale.RetirementCalculator;
				PRODUCT_NAME = "$(TARGET_NAME)";
				SWIFT_EMIT_LOC_STRINGS = YES;
				SWIFT_VERSION = 5.0;
				TARGETED_DEVICE_FAMILY = "1,2";
			};
			name = Debug;
		};
		D60EAFDB2B158EE600018AF4 /* Release */ = {
			isa = XCBuildConfiguration;
			baseConfigurationReference = FAA8776E782301BD39EA5E4A /* Pods-RetirementCalculator.release.xcconfig */;
			buildSettings = {
				ASSETCATALOG_COMPILER_APPICON_NAME = AppIcon;
				ASSETCATALOG_COMPILER_GLOBAL_ACCENT_COLOR_NAME = AccentColor;
				CODE_SIGN_STYLE = Automatic;
				CURRENT_PROJECT_VERSION = 1;
				DEVELOPMENT_TEAM = 8N2T75UPQQ;
				GENERATE_INFOPLIST_FILE = YES;
				INFOPLIST_FILE = RetirementCalculator/Info.plist;
				INFOPLIST_KEY_UIApplicationSupportsIndirectInputEvents = YES;
				INFOPLIST_KEY_UILaunchStoryboardName = LaunchScreen;
				INFOPLIST_KEY_UIMainStoryboardFile = Main;
				INFOPLIST_KEY_UISupportedInterfaceOrientations_iPad = "UIInterfaceOrientationPortrait UIInterfaceOrientationPortraitUpsideDown UIInterfaceOrientationLandscapeLeft UIInterfaceOrientationLandscapeRight";
				INFOPLIST_KEY_UISupportedInterfaceOrientations_iPhone = "UIInterfaceOrientationPortrait UIInterfaceOrientationLandscapeLeft UIInterfaceOrientationLandscapeRight";
				LD_RUNPATH_SEARCH_PATHS = (
					"$(inherited)",
					"@executable_path/Frameworks",
				);
				MARKETING_VERSION = 1.0;
				PRODUCT_BUNDLE_IDENTIFIER = com.ramjondhale.RetirementCalculator;
				PRODUCT_NAME = "$(TARGET_NAME)";
				SWIFT_EMIT_LOC_STRINGS = YES;
				SWIFT_VERSION = 5.0;
				TARGETED_DEVICE_FAMILY = "1,2";
			};
			name = Release;
		};
		D60EAFDD2B158EE600018AF4 /* Debug */ = {
			isa = XCBuildConfiguration;
			baseConfigurationReference = 01DC9D4BE69427744882D0A2 /* Pods-RetirementCalculatorTests.debug.xcconfig */;
			buildSettings = {
				ALWAYS_EMBED_SWIFT_STANDARD_LIBRARIES = YES;
				BUNDLE_LOADER = "$(TEST_HOST)";
				CODE_SIGN_STYLE = Automatic;
				CURRENT_PROJECT_VERSION = 1;
				DEVELOPMENT_TEAM = 8N2T75UPQQ;
				GENERATE_INFOPLIST_FILE = YES;
				IPHONEOS_DEPLOYMENT_TARGET = 17.0;
				MARKETING_VERSION = 1.0;
				PRODUCT_BUNDLE_IDENTIFIER = com.ramjondhale.RetirementCalculatorTests;
				PRODUCT_NAME = "$(TARGET_NAME)";
				SWIFT_EMIT_LOC_STRINGS = NO;
				SWIFT_VERSION = 5.0;
				TARGETED_DEVICE_FAMILY = "1,2";
				TEST_HOST = "$(BUILT_PRODUCTS_DIR)/RetirementCalculator.app/$(BUNDLE_EXECUTABLE_FOLDER_PATH)/RetirementCalculator";
			};
			name = Debug;
		};
		D60EAFDE2B158EE600018AF4 /* Release */ = {
			isa = XCBuildConfiguration;
			baseConfigurationReference = 24BEA614FDBAD00AB320E0FF /* Pods-RetirementCalculatorTests.release.xcconfig */;
			buildSettings = {
				ALWAYS_EMBED_SWIFT_STANDARD_LIBRARIES = YES;
				BUNDLE_LOADER = "$(TEST_HOST)";
				CODE_SIGN_STYLE = Automatic;
				CURRENT_PROJECT_VERSION = 1;
				DEVELOPMENT_TEAM = 8N2T75UPQQ;
				GENERATE_INFOPLIST_FILE = YES;
				IPHONEOS_DEPLOYMENT_TARGET = 17.0;
				MARKETING_VERSION = 1.0;
				PRODUCT_BUNDLE_IDENTIFIER = com.ramjondhale.RetirementCalculatorTests;
				PRODUCT_NAME = "$(TARGET_NAME)";
				SWIFT_EMIT_LOC_STRINGS = NO;
				SWIFT_VERSION = 5.0;
				TARGETED_DEVICE_FAMILY = "1,2";
				TEST_HOST = "$(BUILT_PRODUCTS_DIR)/RetirementCalculator.app/$(BUNDLE_EXECUTABLE_FOLDER_PATH)/RetirementCalculator";
			};
			name = Release;
		};
		D60EAFE02B158EE600018AF4 /* Debug */ = {
			isa = XCBuildConfiguration;
			baseConfigurationReference = E46A5003532B3FCBE0080FD7 /* Pods-RetirementCalculator-RetirementCalculatorUITests.debug.xcconfig */;
			buildSettings = {
				ALWAYS_EMBED_SWIFT_STANDARD_LIBRARIES = YES;
				CODE_SIGN_STYLE = Automatic;
				CURRENT_PROJECT_VERSION = 1;
				DEVELOPMENT_TEAM = 8N2T75UPQQ;
				GENERATE_INFOPLIST_FILE = YES;
				MARKETING_VERSION = 1.0;
				PRODUCT_BUNDLE_IDENTIFIER = com.ramjondhale.RetirementCalculatorUITests;
				PRODUCT_NAME = "$(TARGET_NAME)";
				SWIFT_EMIT_LOC_STRINGS = NO;
				SWIFT_VERSION = 5.0;
				TARGETED_DEVICE_FAMILY = "1,2";
				TEST_TARGET_NAME = RetirementCalculator;
			};
			name = Debug;
		};
		D60EAFE12B158EE600018AF4 /* Release */ = {
			isa = XCBuildConfiguration;
			baseConfigurationReference = D04978D51808955790E90268 /* Pods-RetirementCalculator-RetirementCalculatorUITests.release.xcconfig */;
			buildSettings = {
				ALWAYS_EMBED_SWIFT_STANDARD_LIBRARIES = YES;
				CODE_SIGN_STYLE = Automatic;
				CURRENT_PROJECT_VERSION = 1;
				DEVELOPMENT_TEAM = 8N2T75UPQQ;
				GENERATE_INFOPLIST_FILE = YES;
				MARKETING_VERSION = 1.0;
				PRODUCT_BUNDLE_IDENTIFIER = com.ramjondhale.RetirementCalculatorUITests;
				PRODUCT_NAME = "$(TARGET_NAME)";
				SWIFT_EMIT_LOC_STRINGS = NO;
				SWIFT_VERSION = 5.0;
				TARGETED_DEVICE_FAMILY = "1,2";
				TEST_TARGET_NAME = RetirementCalculator;
			};
			name = Release;
		};
/* End XCBuildConfiguration section */

/* Begin XCConfigurationList section */
		D60EAFAA2B158EE400018AF4 /* Build configuration list for PBXProject "RetirementCalculator" */ = {
			isa = XCConfigurationList;
			buildConfigurations = (
				D60EAFD72B158EE600018AF4 /* Debug */,
				D60EAFD82B158EE600018AF4 /* Release */,
			);
			defaultConfigurationIsVisible = 0;
			defaultConfigurationName = Release;
		};
		D60EAFD92B158EE600018AF4 /* Build configuration list for PBXNativeTarget "RetirementCalculator" */ = {
			isa = XCConfigurationList;
			buildConfigurations = (
				D60EAFDA2B158EE600018AF4 /* Debug */,
				D60EAFDB2B158EE600018AF4 /* Release */,
			);
			defaultConfigurationIsVisible = 0;
			defaultConfigurationName = Release;
		};
		D60EAFDC2B158EE600018AF4 /* Build configuration list for PBXNativeTarget "RetirementCalculatorTests" */ = {
			isa = XCConfigurationList;
			buildConfigurations = (
				D60EAFDD2B158EE600018AF4 /* Debug */,
				D60EAFDE2B158EE600018AF4 /* Release */,
			);
			defaultConfigurationIsVisible = 0;
			defaultConfigurationName = Release;
		};
		D60EAFDF2B158EE600018AF4 /* Build configuration list for PBXNativeTarget "RetirementCalculatorUITests" */ = {
			isa = XCConfigurationList;
			buildConfigurations = (
				D60EAFE02B158EE600018AF4 /* Debug */,
				D60EAFE12B158EE600018AF4 /* Release */,
			);
			defaultConfigurationIsVisible = 0;
			defaultConfigurationName = Release;
		};
/* End XCConfigurationList section */
	};
	rootObject = D60EAFA72B158EE400018AF4 /* Project object */;
}
